// !$*UTF8*$!
{
	archiveVersion = 1;
	classes = {
	};
	objectVersion = 56;
	objects = {

/* Begin PBXBuildFile section */
		397956CC2AF7825A00A1838C /* AppDelegate.swift in Sources */ = {isa = PBXBuildFile; fileRef = 397956CB2AF7825A00A1838C /* AppDelegate.swift */; };
		397956CE2AF7825A00A1838C /* SceneDelegate.swift in Sources */ = {isa = PBXBuildFile; fileRef = 397956CD2AF7825A00A1838C /* SceneDelegate.swift */; };
		397956D02AF7825A00A1838C /* LoginViewController.swift in Sources */ = {isa = PBXBuildFile; fileRef = 397956CF2AF7825A00A1838C /* LoginViewController.swift */; };
		397956D52AF7825B00A1838C /* Assets.xcassets in Resources */ = {isa = PBXBuildFile; fileRef = 397956D42AF7825B00A1838C /* Assets.xcassets */; };
		397956D82AF7825B00A1838C /* LaunchScreen.storyboard in Resources */ = {isa = PBXBuildFile; fileRef = 397956D62AF7825B00A1838C /* LaunchScreen.storyboard */; };
		397956E52AF7983F00A1838C /* NoteListViewController.swift in Sources */ = {isa = PBXBuildFile; fileRef = 397956E42AF7983F00A1838C /* NoteListViewController.swift */; };
		397956E82AF79A7700A1838C /* TableViewCell.swift in Sources */ = {isa = PBXBuildFile; fileRef = 397956E72AF79A7700A1838C /* TableViewCell.swift */; };
		397956EA2AF79CAC00A1838C /* Note.swift in Sources */ = {isa = PBXBuildFile; fileRef = 397956E92AF79CAC00A1838C /* Note.swift */; };
		397956ED2AF7CFF400A1838C /* AddNoteViewController.swift in Sources */ = {isa = PBXBuildFile; fileRef = 397956EC2AF7CFF400A1838C /* AddNoteViewController.swift */; };
		397956F02AF7EE0F00A1838C /* NoteDetailsViewController.swift in Sources */ = {isa = PBXBuildFile; fileRef = 397956EF2AF7EE0F00A1838C /* NoteDetailsViewController.swift */; };
		397956F32AF7F87800A1838C /* KeyChain.swift in Sources */ = {isa = PBXBuildFile; fileRef = 397956F22AF7F87800A1838C /* KeyChain.swift */; };
		397956F52AF82BFC00A1838C /* StorageManager.swift in Sources */ = {isa = PBXBuildFile; fileRef = 397956F42AF82BFC00A1838C /* StorageManager.swift */; };
/* End PBXBuildFile section */

/* Begin PBXFileReference section */
		397956C82AF7825A00A1838C /* NoteApp.app */ = {isa = PBXFileReference; explicitFileType = wrapper.application; includeInIndex = 0; path = NoteApp.app; sourceTree = BUILT_PRODUCTS_DIR; };
		397956CB2AF7825A00A1838C /* AppDelegate.swift */ = {isa = PBXFileReference; lastKnownFileType = sourcecode.swift; path = AppDelegate.swift; sourceTree = "<group>"; };
		397956CD2AF7825A00A1838C /* SceneDelegate.swift */ = {isa = PBXFileReference; lastKnownFileType = sourcecode.swift; path = SceneDelegate.swift; sourceTree = "<group>"; };
		397956CF2AF7825A00A1838C /* LoginViewController.swift */ = {isa = PBXFileReference; lastKnownFileType = sourcecode.swift; path = LoginViewController.swift; sourceTree = "<group>"; };
		397956D42AF7825B00A1838C /* Assets.xcassets */ = {isa = PBXFileReference; lastKnownFileType = folder.assetcatalog; path = Assets.xcassets; sourceTree = "<group>"; };
		397956D72AF7825B00A1838C /* Base */ = {isa = PBXFileReference; lastKnownFileType = file.storyboard; name = Base; path = Base.lproj/LaunchScreen.storyboard; sourceTree = "<group>"; };
		397956D92AF7825B00A1838C /* Info.plist */ = {isa = PBXFileReference; lastKnownFileType = text.plist.xml; path = Info.plist; sourceTree = "<group>"; };
		397956E42AF7983F00A1838C /* NoteListViewController.swift */ = {isa = PBXFileReference; lastKnownFileType = sourcecode.swift; path = NoteListViewController.swift; sourceTree = "<group>"; };
		397956E72AF79A7700A1838C /* TableViewCell.swift */ = {isa = PBXFileReference; lastKnownFileType = sourcecode.swift; path = TableViewCell.swift; sourceTree = "<group>"; };
		397956E92AF79CAC00A1838C /* Note.swift */ = {isa = PBXFileReference; lastKnownFileType = sourcecode.swift; path = Note.swift; sourceTree = "<group>"; };
		397956EC2AF7CFF400A1838C /* AddNoteViewController.swift */ = {isa = PBXFileReference; lastKnownFileType = sourcecode.swift; path = AddNoteViewController.swift; sourceTree = "<group>"; };
		397956EF2AF7EE0F00A1838C /* NoteDetailsViewController.swift */ = {isa = PBXFileReference; lastKnownFileType = sourcecode.swift; path = NoteDetailsViewController.swift; sourceTree = "<group>"; };
		397956F22AF7F87800A1838C /* KeyChain.swift */ = {isa = PBXFileReference; lastKnownFileType = sourcecode.swift; path = KeyChain.swift; sourceTree = "<group>"; };
		397956F42AF82BFC00A1838C /* StorageManager.swift */ = {isa = PBXFileReference; lastKnownFileType = sourcecode.swift; path = StorageManager.swift; sourceTree = "<group>"; };
/* End PBXFileReference section */

/* Begin PBXFrameworksBuildPhase section */
		397956C52AF7825A00A1838C /* Frameworks */ = {
			isa = PBXFrameworksBuildPhase;
			buildActionMask = 2147483647;
			files = (
			);
			runOnlyForDeploymentPostprocessing = 0;
		};
/* End PBXFrameworksBuildPhase section */

/* Begin PBXGroup section */
		397956BF2AF7825A00A1838C = {
			isa = PBXGroup;
			children = (
				397956CA2AF7825A00A1838C /* NoteApp */,
				397956C92AF7825A00A1838C /* Products */,
			);
			sourceTree = "<group>";
		};
		397956C92AF7825A00A1838C /* Products */ = {
			isa = PBXGroup;
			children = (
				397956C82AF7825A00A1838C /* NoteApp.app */,
			);
			name = Products;
			sourceTree = "<group>";
		};
		397956CA2AF7825A00A1838C /* NoteApp */ = {
			isa = PBXGroup;
			children = (
				397956DF2AF7973E00A1838C /* App */,
				397956E02AF7978B00A1838C /* Models */,
				397956E12AF7979800A1838C /* Scenes */,
				397956F72AF8530900A1838C /* Storage */,
				397956F12AF7F85900A1838C /* KeyChain */,
				397956D42AF7825B00A1838C /* Assets.xcassets */,
				397956D62AF7825B00A1838C /* LaunchScreen.storyboard */,
				397956D92AF7825B00A1838C /* Info.plist */,
			);
			path = NoteApp;
			sourceTree = "<group>";
		};
		397956DF2AF7973E00A1838C /* App */ = {
			isa = PBXGroup;
			children = (
				397956CB2AF7825A00A1838C /* AppDelegate.swift */,
				397956CD2AF7825A00A1838C /* SceneDelegate.swift */,
			);
			path = App;
			sourceTree = "<group>";
		};
		397956E02AF7978B00A1838C /* Models */ = {
			isa = PBXGroup;
			children = (
				397956E92AF79CAC00A1838C /* Note.swift */,
			);
			path = Models;
			sourceTree = "<group>";
		};
		397956E12AF7979800A1838C /* Scenes */ = {
			isa = PBXGroup;
			children = (
				397956E22AF797DD00A1838C /* Login */,
				397956E32AF797F400A1838C /* NoteList */,
				397956EB2AF7CFCE00A1838C /* AddNoteViewController */,
				397956EE2AF7EDE100A1838C /* NoteDetailsViewController */,
			);
			path = Scenes;
			sourceTree = "<group>";
		};
		397956E22AF797DD00A1838C /* Login */ = {
			isa = PBXGroup;
			children = (
				397956CF2AF7825A00A1838C /* LoginViewController.swift */,
			);
			path = Login;
			sourceTree = "<group>";
		};
		397956E32AF797F400A1838C /* NoteList */ = {
			isa = PBXGroup;
			children = (
				397956E62AF79A4A00A1838C /* NoteListTableViewCell */,
				397956E42AF7983F00A1838C /* NoteListViewController.swift */,
			);
			path = NoteList;
			sourceTree = "<group>";
		};
		397956E62AF79A4A00A1838C /* NoteListTableViewCell */ = {
			isa = PBXGroup;
			children = (
				397956E72AF79A7700A1838C /* TableViewCell.swift */,
			);
			path = NoteListTableViewCell;
			sourceTree = "<group>";
		};
		397956EB2AF7CFCE00A1838C /* AddNoteViewController */ = {
			isa = PBXGroup;
			children = (
				397956EC2AF7CFF400A1838C /* AddNoteViewController.swift */,
			);
			path = AddNoteViewController;
			sourceTree = "<group>";
		};
		397956EE2AF7EDE100A1838C /* NoteDetailsViewController */ = {
			isa = PBXGroup;
			children = (
				397956EF2AF7EE0F00A1838C /* NoteDetailsViewController.swift */,
			);
			path = NoteDetailsViewController;
			sourceTree = "<group>";
		};
		397956F12AF7F85900A1838C /* KeyChain */ = {
			isa = PBXGroup;
			children = (
				397956F22AF7F87800A1838C /* KeyChain.swift */,
			);
			path = KeyChain;
			sourceTree = "<group>";
		};
		397956F72AF8530900A1838C /* Storage */ = {
			isa = PBXGroup;
			children = (
				397956F42AF82BFC00A1838C /* StorageManager.swift */,
			);
			path = Storage;
			sourceTree = "<group>";
		};
/* End PBXGroup section */

/* Begin PBXNativeTarget section */
		397956C72AF7825A00A1838C /* NoteApp */ = {
			isa = PBXNativeTarget;
			buildConfigurationList = 397956DC2AF7825B00A1838C /* Build configuration list for PBXNativeTarget "NoteApp" */;
			buildPhases = (
				397956C42AF7825A00A1838C /* Sources */,
				397956C52AF7825A00A1838C /* Frameworks */,
				397956C62AF7825A00A1838C /* Resources */,
			);
			buildRules = (
			);
			dependencies = (
			);
			name = NoteApp;
			productName = NoteApp;
			productReference = 397956C82AF7825A00A1838C /* NoteApp.app */;
			productType = "com.apple.product-type.application";
		};
/* End PBXNativeTarget section */

/* Begin PBXProject section */
		397956C02AF7825A00A1838C /* Project object */ = {
			isa = PBXProject;
			attributes = {
				BuildIndependentTargetsInParallel = 1;
				LastSwiftUpdateCheck = 1500;
				LastUpgradeCheck = 1500;
				TargetAttributes = {
					397956C72AF7825A00A1838C = {
						CreatedOnToolsVersion = 15.0.1;
					};
				};
			};
			buildConfigurationList = 397956C32AF7825A00A1838C /* Build configuration list for PBXProject "NoteApp" */;
			compatibilityVersion = "Xcode 14.0";
			developmentRegion = en;
			hasScannedForEncodings = 0;
			knownRegions = (
				en,
				Base,
			);
			mainGroup = 397956BF2AF7825A00A1838C;
			productRefGroup = 397956C92AF7825A00A1838C /* Products */;
			projectDirPath = "";
			projectRoot = "";
			targets = (
				397956C72AF7825A00A1838C /* NoteApp */,
			);
		};
/* End PBXProject section */

/* Begin PBXResourcesBuildPhase section */
		397956C62AF7825A00A1838C /* Resources */ = {
			isa = PBXResourcesBuildPhase;
			buildActionMask = 2147483647;
			files = (
				397956D82AF7825B00A1838C /* LaunchScreen.storyboard in Resources */,
				397956D52AF7825B00A1838C /* Assets.xcassets in Resources */,
			);
			runOnlyForDeploymentPostprocessing = 0;
		};
/* End PBXResourcesBuildPhase section */

/* Begin PBXSourcesBuildPhase section */
		397956C42AF7825A00A1838C /* Sources */ = {
			isa = PBXSourcesBuildPhase;
			buildActionMask = 2147483647;
			files = (
				397956ED2AF7CFF400A1838C /* AddNoteViewController.swift in Sources */,
				397956E82AF79A7700A1838C /* TableViewCell.swift in Sources */,
				397956E52AF7983F00A1838C /* NoteListViewController.swift in Sources */,
				397956D02AF7825A00A1838C /* LoginViewController.swift in Sources */,
				397956CC2AF7825A00A1838C /* AppDelegate.swift in Sources */,
				397956F02AF7EE0F00A1838C /* NoteDetailsViewController.swift in Sources */,
				397956CE2AF7825A00A1838C /* SceneDelegate.swift in Sources */,
				397956F32AF7F87800A1838C /* KeyChain.swift in Sources */,
				397956EA2AF79CAC00A1838C /* Note.swift in Sources */,
				397956F52AF82BFC00A1838C /* StorageManager.swift in Sources */,
			);
			runOnlyForDeploymentPostprocessing = 0;
		};
/* End PBXSourcesBuildPhase section */

/* Begin PBXVariantGroup section */
		397956D62AF7825B00A1838C /* LaunchScreen.storyboard */ = {
			isa = PBXVariantGroup;
			children = (
				397956D72AF7825B00A1838C /* Base */,
			);
			name = LaunchScreen.storyboard;
			sourceTree = "<group>";
		};
/* End PBXVariantGroup section */

/* Begin XCBuildConfiguration section */
		397956DA2AF7825B00A1838C /* Debug */ = {
			isa = XCBuildConfiguration;
			buildSettings = {
				ALWAYS_SEARCH_USER_PATHS = NO;
				ASSETCATALOG_COMPILER_GENERATE_SWIFT_ASSET_SYMBOL_EXTENSIONS = YES;
				CLANG_ANALYZER_NONNULL = YES;
				CLANG_ANALYZER_NUMBER_OBJECT_CONVERSION = YES_AGGRESSIVE;
				CLANG_CXX_LANGUAGE_STANDARD = "gnu++20";
				CLANG_ENABLE_MODULES = YES;
				CLANG_ENABLE_OBJC_ARC = YES;
				CLANG_ENABLE_OBJC_WEAK = YES;
				CLANG_WARN_BLOCK_CAPTURE_AUTORELEASING = YES;
				CLANG_WARN_BOOL_CONVERSION = YES;
				CLANG_WARN_COMMA = YES;
				CLANG_WARN_CONSTANT_CONVERSION = YES;
				CLANG_WARN_DEPRECATED_OBJC_IMPLEMENTATIONS = YES;
				CLANG_WARN_DIRECT_OBJC_ISA_USAGE = YES_ERROR;
				CLANG_WARN_DOCUMENTATION_COMMENTS = YES;
				CLANG_WARN_EMPTY_BODY = YES;
				CLANG_WARN_ENUM_CONVERSION = YES;
				CLANG_WARN_INFINITE_RECURSION = YES;
				CLANG_WARN_INT_CONVERSION = YES;
				CLANG_WARN_NON_LITERAL_NULL_CONVERSION = YES;
				CLANG_WARN_OBJC_IMPLICIT_RETAIN_SELF = YES;
				CLANG_WARN_OBJC_LITERAL_CONVERSION = YES;
				CLANG_WARN_OBJC_ROOT_CLASS = YES_ERROR;
				CLANG_WARN_QUOTED_INCLUDE_IN_FRAMEWORK_HEADER = YES;
				CLANG_WARN_RANGE_LOOP_ANALYSIS = YES;
				CLANG_WARN_STRICT_PROTOTYPES = YES;
				CLANG_WARN_SUSPICIOUS_MOVE = YES;
				CLANG_WARN_UNGUARDED_AVAILABILITY = YES_AGGRESSIVE;
				CLANG_WARN_UNREACHABLE_CODE = YES;
				CLANG_WARN__DUPLICATE_METHOD_MATCH = YES;
				COPY_PHASE_STRIP = NO;
				DEBUG_INFORMATION_FORMAT = dwarf;
				ENABLE_STRICT_OBJC_MSGSEND = YES;
				ENABLE_TESTABILITY = YES;
				ENABLE_USER_SCRIPT_SANDBOXING = YES;
				GCC_C_LANGUAGE_STANDARD = gnu17;
				GCC_DYNAMIC_NO_PIC = NO;
				GCC_NO_COMMON_BLOCKS = YES;
				GCC_OPTIMIZATION_LEVEL = 0;
				GCC_PREPROCESSOR_DEFINITIONS = (
					"DEBUG=1",
					"$(inherited)",
				);
				GCC_WARN_64_TO_32_BIT_CONVERSION = YES;
				GCC_WARN_ABOUT_RETURN_TYPE = YES_ERROR;
				GCC_WARN_UNDECLARED_SELECTOR = YES;
				GCC_WARN_UNINITIALIZED_AUTOS = YES_AGGRESSIVE;
				GCC_WARN_UNUSED_FUNCTION = YES;
				GCC_WARN_UNUSED_VARIABLE = YES;
				IPHONEOS_DEPLOYMENT_TARGET = 17.0;
				LOCALIZATION_PREFERS_STRING_CATALOGS = YES;
				MTL_ENABLE_DEBUG_INFO = INCLUDE_SOURCE;
				MTL_FAST_MATH = YES;
				ONLY_ACTIVE_ARCH = YES;
				SDKROOT = iphoneos;
				SWIFT_ACTIVE_COMPILATION_CONDITIONS = "DEBUG $(inherited)";
				SWIFT_OPTIMIZATION_LEVEL = "-Onone";
			};
			name = Debug;
		};
		397956DB2AF7825B00A1838C /* Release */ = {
			isa = XCBuildConfiguration;
			buildSettings = {
				ALWAYS_SEARCH_USER_PATHS = NO;
				ASSETCATALOG_COMPILER_GENERATE_SWIFT_ASSET_SYMBOL_EXTENSIONS = YES;
				CLANG_ANALYZER_NONNULL = YES;
				CLANG_ANALYZER_NUMBER_OBJECT_CONVERSION = YES_AGGRESSIVE;
				CLANG_CXX_LANGUAGE_STANDARD = "gnu++20";
				CLANG_ENABLE_MODULES = YES;
				CLANG_ENABLE_OBJC_ARC = YES;
				CLANG_ENABLE_OBJC_WEAK = YES;
				CLANG_WARN_BLOCK_CAPTURE_AUTORELEASING = YES;
				CLANG_WARN_BOOL_CONVERSION = YES;
				CLANG_WARN_COMMA = YES;
				CLANG_WARN_CONSTANT_CONVERSION = YES;
				CLANG_WARN_DEPRECATED_OBJC_IMPLEMENTATIONS = YES;
				CLANG_WARN_DIRECT_OBJC_ISA_USAGE = YES_ERROR;
				CLANG_WARN_DOCUMENTATION_COMMENTS = YES;
				CLANG_WARN_EMPTY_BODY = YES;
				CLANG_WARN_ENUM_CONVERSION = YES;
				CLANG_WARN_INFINITE_RECURSION = YES;
				CLANG_WARN_INT_CONVERSION = YES;
				CLANG_WARN_NON_LITERAL_NULL_CONVERSION = YES;
				CLANG_WARN_OBJC_IMPLICIT_RETAIN_SELF = YES;
				CLANG_WARN_OBJC_LITERAL_CONVERSION = YES;
				CLANG_WARN_OBJC_ROOT_CLASS = YES_ERROR;
				CLANG_WARN_QUOTED_INCLUDE_IN_FRAMEWORK_HEADER = YES;
				CLANG_WARN_RANGE_LOOP_ANALYSIS = YES;
				CLANG_WARN_STRICT_PROTOTYPES = YES;
				CLANG_WARN_SUSPICIOUS_MOVE = YES;
				CLANG_WARN_UNGUARDED_AVAILABILITY = YES_AGGRESSIVE;
				CLANG_WARN_UNREACHABLE_CODE = YES;
				CLANG_WARN__DUPLICATE_METHOD_MATCH = YES;
				COPY_PHASE_STRIP = NO;
				DEBUG_INFORMATION_FORMAT = "dwarf-with-dsym";
				ENABLE_NS_ASSERTIONS = NO;
				ENABLE_STRICT_OBJC_MSGSEND = YES;
				ENABLE_USER_SCRIPT_SANDBOXING = YES;
				GCC_C_LANGUAGE_STANDARD = gnu17;
				GCC_NO_COMMON_BLOCKS = YES;
				GCC_WARN_64_TO_32_BIT_CONVERSION = YES;
				GCC_WARN_ABOUT_RETURN_TYPE = YES_ERROR;
				GCC_WARN_UNDECLARED_SELECTOR = YES;
				GCC_WARN_UNINITIALIZED_AUTOS = YES_AGGRESSIVE;
				GCC_WARN_UNUSED_FUNCTION = YES;
				GCC_WARN_UNUSED_VARIABLE = YES;
				IPHONEOS_DEPLOYMENT_TARGET = 17.0;
				LOCALIZATION_PREFERS_STRING_CATALOGS = YES;
				MTL_ENABLE_DEBUG_INFO = NO;
				MTL_FAST_MATH = YES;
				SDKROOT = iphoneos;
				SWIFT_COMPILATION_MODE = wholemodule;
				VALIDATE_PRODUCT = YES;
			};
			name = Release;
		};
		397956DD2AF7825B00A1838C /* Debug */ = {
			isa = XCBuildConfiguration;
			buildSettings = {
				ASSETCATALOG_COMPILER_APPICON_NAME = AppIcon;
				ASSETCATALOG_COMPILER_GLOBAL_ACCENT_COLOR_NAME = AccentColor;
				CODE_SIGN_STYLE = Automatic;
				CURRENT_PROJECT_VERSION = 1;
				GENERATE_INFOPLIST_FILE = YES;
				INFOPLIST_FILE = NoteApp/Info.plist;
				INFOPLIST_KEY_UIApplicationSupportsIndirectInputEvents = YES;
				INFOPLIST_KEY_UILaunchStoryboardName = LaunchScreen;
				INFOPLIST_KEY_UISupportedInterfaceOrientations_iPad = "UIInterfaceOrientationPortrait UIInterfaceOrientationPortraitUpsideDown UIInterfaceOrientationLandscapeLeft UIInterfaceOrientationLandscapeRight";
				INFOPLIST_KEY_UISupportedInterfaceOrientations_iPhone = "UIInterfaceOrientationPortrait UIInterfaceOrientationLandscapeLeft UIInterfaceOrientationLandscapeRight";
				LD_RUNPATH_SEARCH_PATHS = (
					"$(inherited)",
					"@executable_path/Frameworks",
				);
				MARKETING_VERSION = 1.0;
				PRODUCT_BUNDLE_IDENTIFIER = mmm.NoteApp;
				PRODUCT_NAME = "$(TARGET_NAME)";
				SWIFT_EMIT_LOC_STRINGS = YES;
				SWIFT_VERSION = 5.0;
				TARGETED_DEVICE_FAMILY = "1,2";
			};
			name = Debug;
		};
		397956DE2AF7825B00A1838C /* Release */ = {
			isa = XCBuildConfiguration;
			buildSettings = {
				ASSETCATALOG_COMPILER_APPICON_NAME = AppIcon;
				ASSETCATALOG_COMPILER_GLOBAL_ACCENT_COLOR_NAME = AccentColor;
				CODE_SIGN_STYLE = Automatic;
				CURRENT_PROJECT_VERSION = 1;
				GENERATE_INFOPLIST_FILE = YES;
				INFOPLIST_FILE = NoteApp/Info.plist;
				INFOPLIST_KEY_UIApplicationSupportsIndirectInputEvents = YES;
				INFOPLIST_KEY_UILaunchStoryboardName = LaunchScreen;
				INFOPLIST_KEY_UISupportedInterfaceOrientations_iPad = "UIInterfaceOrientationPortrait UIInterfaceOrientationPortraitUpsideDown UIInterfaceOrientationLandscapeLeft UIInterfaceOrientationLandscapeRight";
				INFOPLIST_KEY_UISupportedInterfaceOrientations_iPhone = "UIInterfaceOrientationPortrait UIInterfaceOrientationLandscapeLeft UIInterfaceOrientationLandscapeRight";
				LD_RUNPATH_SEARCH_PATHS = (
					"$(inherited)",
					"@executable_path/Frameworks",
				);
				MARKETING_VERSION = 1.0;
				PRODUCT_BUNDLE_IDENTIFIER = mmm.NoteApp;
				PRODUCT_NAME = "$(TARGET_NAME)";
				SWIFT_EMIT_LOC_STRINGS = YES;
				SWIFT_VERSION = 5.0;
				TARGETED_DEVICE_FAMILY = "1,2";
			};
			name = Release;
		};
/* End XCBuildConfiguration section */

/* Begin XCConfigurationList section */
		397956C32AF7825A00A1838C /* Build configuration list for PBXProject "NoteApp" */ = {
			isa = XCConfigurationList;
			buildConfigurations = (
				397956DA2AF7825B00A1838C /* Debug */,
				397956DB2AF7825B00A1838C /* Release */,
			);
			defaultConfigurationIsVisible = 0;
			defaultConfigurationName = Release;
		};
		397956DC2AF7825B00A1838C /* Build configuration list for PBXNativeTarget "NoteApp" */ = {
			isa = XCConfigurationList;
			buildConfigurations = (
				397956DD2AF7825B00A1838C /* Debug */,
				397956DE2AF7825B00A1838C /* Release */,
			);
			defaultConfigurationIsVisible = 0;
			defaultConfigurationName = Release;
		};
/* End XCConfigurationList section */
	};
	rootObject = 397956C02AF7825A00A1838C /* Project object */;
}
